
Microsoft Visual Studio Solution File, Format Version 11.00
# Visual Studio 2010
Project("{FAE04EC0-301F-11D3-BF4B-00C04F79EFBC}") = "slotTrainGame", "Assembly-CSharp-firstpass.csproj", "{9CF4F415-4E03-3143-811B-FFF59EE439F4}"
EndProject
Project("{FAE04EC0-301F-11D3-BF4B-00C04F79EFBC}") = "slotTrainGame", "Assembly-CSharp.csproj", "{0447D929-FFA9-8E51-CB86-A458541400AD}"
EndProject
Project("{FAE04EC0-301F-11D3-BF4B-00C04F79EFBC}") = "slotTrainGame", "Assembly-CSharp-Editor.csproj", "{8E50DF57-D70F-BA77-65E2-1A4200AD82B8}"
EndProject
Global
	GlobalSection(SolutionConfigurationPlatforms) = preSolution
		Debug|Any CPU = Debug|Any CPU
		Release|Any CPU = Release|Any CPU
	EndGlobalSection
	GlobalSection(ProjectConfigurationPlatforms) = postSolution
		{9CF4F415-4E03-3143-811B-FFF59EE439F4}.Debug|Any CPU.ActiveCfg = Debug|Any CPU
		{9CF4F415-4E03-3143-811B-FFF59EE439F4}.Debug|Any CPU.Build.0 = Debug|Any CPU
		{9CF4F415-4E03-3143-811B-FFF59EE439F4}.Release|Any CPU.ActiveCfg = Release|Any CPU
		{9CF4F415-4E03-3143-811B-FFF59EE439F4}.Release|Any CPU.Build.0 = Release|Any CPU
		{0447D929-FFA9-8E51-CB86-A458541400AD}.Debug|Any CPU.ActiveCfg = Debug|Any CPU
		{0447D929-FFA9-8E51-CB86-A458541400AD}.Debug|Any CPU.Build.0 = Debug|Any CPU
		{0447D929-FFA9-8E51-CB86-A458541400AD}.Release|Any CPU.ActiveCfg = Release|Any CPU
		{0447D929-FFA9-8E51-CB86-A458541400AD}.Release|Any CPU.Build.0 = Release|Any CPU
		{8E50DF57-D70F-BA77-65E2-1A4200AD82B8}.Debug|Any CPU.ActiveCfg = Debug|Any CPU
		{8E50DF57-D70F-BA77-65E2-1A4200AD82B8}.Debug|Any CPU.Build.0 = Debug|Any CPU
		{8E50DF57-D70F-BA77-65E2-1A4200AD82B8}.Release|Any CPU.ActiveCfg = Release|Any CPU
		{8E50DF57-D70F-BA77-65E2-1A4200AD82B8}.Release|Any CPU.Build.0 = Release|Any CPU
	EndGlobalSection
	GlobalSection(SolutionProperties) = preSolution
		HideSolutionNode = FALSE
	EndGlobalSection
	GlobalSection(MonoDevelopProperties) = preSolution
		StartupItem = Assembly-CSharp.csproj
	EndGlobalSection
EndGlobal
